{
	"requires": true,
	"lockfileVersion": 1,
	"dependencies": {
		"@gov.au/pancake-js": {
			"version": "1.2.1",
			"resolved": "https://registry.npmjs.org/@gov.au/pancake-js/-/pancake-js-1.2.1.tgz",
			"integrity": "sha512-KyNA5L7iL+q01JYUFupfj4opUqUTEbIwQHll87k9cW7ymAxZUW2aFJeboxdI0fd++8cOWW2fNNJX2GmnXYoq3A==",
			"requires": {
				"@gov.au/pancake": "~1",
				"uglify-js": "3.4.9"
			},
			"dependencies": {
				"@gov.au/pancake": {
					"version": "1.4.1",
					"resolved": "https://registry.npmjs.org/@gov.au/pancake/-/pancake-1.4.1.tgz",
					"integrity": "sha512-QPHtJ7voFyTqPWRfIfOktMNb5CU6oeopXlxCxCPfnh03RuJKvSD8xE7P3JhSTddlL9HpnpJYE+2nggLxpCL6Dg=="
				}
			}
		},
		"commander": {
			"version": "2.17.1",
			"resolved": "https://registry.npmjs.org/commander/-/commander-2.17.1.tgz",
			"integrity": "sha512-wPMUt6FnH2yzG95SA6mzjQOEKUU3aLaDEmzs1ti+1E9h+CsrZghRlqEM/EJ4KscsQVG8uNN4uVreUeT8+drlgg=="
		},
		"source-map": {
			"version": "0.6.1",
			"resolved": "https://registry.npmjs.org/source-map/-/source-map-0.6.1.tgz",
			"integrity": "sha512-UjgapumWlbMhkBgzT7Ykc5YXUT46F0iKu8SGXq0bcwP5dz/h0Plj6enJqjz1Zbq2l5WaqYnrVbwWOWMyF3F47g=="
		},
		"uglify-js": {
			"version": "3.4.9",
			"resolved": "https://registry.npmjs.org/uglify-js/-/uglify-js-3.4.9.tgz",
			"integrity": "sha512-8CJsbKOtEbnJsTyv6LE6m6ZKniqMiFWmm9sRbopbkGs3gMPPfd3Fh8iIA4Ykv5MgaTbqHr4BaoGLJLZNhsrW1Q==",
			"requires": {
				"commander": "~2.17.1",
				"source-map": "~0.6.1"
			}
		}
	}
}
